// !$*UTF8*$!
{
	archiveVersion = 1;
	classes = {
	};
	objectVersion = 56;
	objects = {

/* Begin PBXBuildFile section */
		705309802C2709FD00C070B5 /* TamilBookImporterApp.swift in Sources */ = {isa = PBXBuildFile; fileRef = 7053097F2C2709FD00C070B5 /* TamilBookImporterApp.swift */; };
		705309822C2709FD00C070B5 /* ContentView.swift in Sources */ = {isa = PBXBuildFile; fileRef = 705309812C2709FD00C070B5 /* ContentView.swift */; };
		705309842C2709FF00C070B5 /* Assets.xcassets in Resources */ = {isa = PBXBuildFile; fileRef = 705309832C2709FF00C070B5 /* Assets.xcassets */; };
		705309872C2709FF00C070B5 /* Preview Assets.xcassets in Resources */ = {isa = PBXBuildFile; fileRef = 705309862C2709FF00C070B5 /* Preview Assets.xcassets */; };
		705309902C270A5C00C070B5 /* TamilLitDB.xcdatamodeld in Sources */ = {isa = PBXBuildFile; fileRef = 7053098E2C270A5C00C070B5 /* TamilLitDB.xcdatamodeld */; };
		705309922C273E8A00C070B5 /* ThirukuralImporter.swift in Sources */ = {isa = PBXBuildFile; fileRef = 705309912C273E8A00C070B5 /* ThirukuralImporter.swift */; };
		705309942C273F4E00C070B5 /* PersistenceController.swift in Sources */ = {isa = PBXBuildFile; fileRef = 705309932C273F4E00C070B5 /* PersistenceController.swift */; };
		706DF8132C31334C00D80CC1 /* SubCategory+CoreDataClass.swift in Sources */ = {isa = PBXBuildFile; fileRef = 706DF8072C31334C00D80CC1 /* SubCategory+CoreDataClass.swift */; };
		706DF8142C31334C00D80CC1 /* SubCategory+CoreDataProperties.swift in Sources */ = {isa = PBXBuildFile; fileRef = 706DF8082C31334C00D80CC1 /* SubCategory+CoreDataProperties.swift */; };
		706DF8152C31334C00D80CC1 /* MainCategory+CoreDataClass.swift in Sources */ = {isa = PBXBuildFile; fileRef = 706DF8092C31334C00D80CC1 /* MainCategory+CoreDataClass.swift */; };
		706DF8162C31334C00D80CC1 /* MainCategory+CoreDataProperties.swift in Sources */ = {isa = PBXBuildFile; fileRef = 706DF80A2C31334C00D80CC1 /* MainCategory+CoreDataProperties.swift */; };
		706DF8172C31334C00D80CC1 /* Section+CoreDataClass.swift in Sources */ = {isa = PBXBuildFile; fileRef = 706DF80B2C31334C00D80CC1 /* Section+CoreDataClass.swift */; };
		706DF8182C31334C00D80CC1 /* Section+CoreDataProperties.swift in Sources */ = {isa = PBXBuildFile; fileRef = 706DF80C2C31334C00D80CC1 /* Section+CoreDataProperties.swift */; };
		706DF81F2C31378800D80CC1 /* CoreDataManager.swift in Sources */ = {isa = PBXBuildFile; fileRef = 706DF81E2C31378800D80CC1 /* CoreDataManager.swift */; };
		7075B5622C363FD600104967 /* athichudi-category.json in Resources */ = {isa = PBXBuildFile; fileRef = 7075B5602C363FD600104967 /* athichudi-category.json */; };
		7075B5632C363FD600104967 /* athichudi.json in Resources */ = {isa = PBXBuildFile; fileRef = 7075B5612C363FD600104967 /* athichudi.json */; };
		7075B5662C36619E00104967 /* Explanation+CoreDataClass.swift in Sources */ = {isa = PBXBuildFile; fileRef = 7075B5642C36619E00104967 /* Explanation+CoreDataClass.swift */; };
		7075B5672C36619E00104967 /* Explanation+CoreDataProperties.swift in Sources */ = {isa = PBXBuildFile; fileRef = 7075B5652C36619E00104967 /* Explanation+CoreDataProperties.swift */; };
		7075B5692C36757300104967 /* HomeView.swift in Sources */ = {isa = PBXBuildFile; fileRef = 7075B5682C36757300104967 /* HomeView.swift */; };
		7075B56C2C36C27200104967 /* Poem+CoreDataClass.swift in Sources */ = {isa = PBXBuildFile; fileRef = 7075B56A2C36C27200104967 /* Poem+CoreDataClass.swift */; };
		7075B56D2C36C27200104967 /* Poem+CoreDataProperties.swift in Sources */ = {isa = PBXBuildFile; fileRef = 7075B56B2C36C27200104967 /* Poem+CoreDataProperties.swift */; };
		7076CD0B2C35127800816F28 /* Book+CoreDataClass.swift in Sources */ = {isa = PBXBuildFile; fileRef = 7076CD092C35127800816F28 /* Book+CoreDataClass.swift */; };
		7076CD0C2C35127800816F28 /* Book+CoreDataProperties.swift in Sources */ = {isa = PBXBuildFile; fileRef = 7076CD0A2C35127800816F28 /* Book+CoreDataProperties.swift */; };
		7076CD0F2C3513EB00816F28 /* AthichudiImporter.swift in Sources */ = {isa = PBXBuildFile; fileRef = 7076CD0E2C3513EB00816F28 /* AthichudiImporter.swift */; };
		7076CD112C35170300816F28 /* BookImporter.swift in Sources */ = {isa = PBXBuildFile; fileRef = 7076CD102C35170300816F28 /* BookImporter.swift */; };
		708CBB8A2C291C450037BB58 /* thirukural.json in Resources */ = {isa = PBXBuildFile; fileRef = 708CBB892C291C450037BB58 /* thirukural.json */; };
		70AC81A12C38E613004BFA97 /* iniyavai-narpathu.json in Resources */ = {isa = PBXBuildFile; fileRef = 70AC819A2C38E613004BFA97 /* iniyavai-narpathu.json */; };
		70AC81A22C38E613004BFA97 /* aacharakkovai.json in Resources */ = {isa = PBXBuildFile; fileRef = 70AC819B2C38E613004BFA97 /* aacharakkovai.json */; };
		70AC81A32C38E613004BFA97 /* inna-narpathu.json in Resources */ = {isa = PBXBuildFile; fileRef = 70AC819C2C38E613004BFA97 /* inna-narpathu.json */; };
		70AC81A42C38E613004BFA97 /* thirikadukam.json in Resources */ = {isa = PBXBuildFile; fileRef = 70AC819D2C38E613004BFA97 /* thirikadukam.json */; };
		70AC81A52C38E613004BFA97 /* nanmanikadikai.json in Resources */ = {isa = PBXBuildFile; fileRef = 70AC819E2C38E613004BFA97 /* nanmanikadikai.json */; };
		70AC81A62C38E613004BFA97 /* naaladiyar-category.json in Resources */ = {isa = PBXBuildFile; fileRef = 70AC819F2C38E613004BFA97 /* naaladiyar-category.json */; };
		70AC81A72C38E613004BFA97 /* naaladiyar.json in Resources */ = {isa = PBXBuildFile; fileRef = 70AC81A02C38E613004BFA97 /* naaladiyar.json */; };
		70AC81A92C38E64C004BFA97 /* iniyavai-narpathu-category.json in Resources */ = {isa = PBXBuildFile; fileRef = 70AC81A82C38E64C004BFA97 /* iniyavai-narpathu-category.json */; };
		70AC81AB2C38EB78004BFA97 /* IniyavaiNarpathuImporter.swift in Sources */ = {isa = PBXBuildFile; fileRef = 70AC81AA2C38EB78004BFA97 /* IniyavaiNarpathuImporter.swift */; };
		70AC81AD2C38F6B9004BFA97 /* inna-narpathu-category.json in Resources */ = {isa = PBXBuildFile; fileRef = 70AC81AC2C38F6B9004BFA97 /* inna-narpathu-category.json */; };
		70AC81AF2C38F866004BFA97 /* InnaNarpathuImporter.swift in Sources */ = {isa = PBXBuildFile; fileRef = 70AC81AE2C38F866004BFA97 /* InnaNarpathuImporter.swift */; };
		70FE02A62C2850CC00E75842 /* thirukural-category.json in Resources */ = {isa = PBXBuildFile; fileRef = 70FE02A52C2850CC00E75842 /* thirukural-category.json */; };
/* End PBXBuildFile section */

/* Begin PBXFileReference section */
		7053097C2C2709FD00C070B5 /* TamilBookImporter.app */ = {isa = PBXFileReference; explicitFileType = wrapper.application; includeInIndex = 0; path = TamilBookImporter.app; sourceTree = BUILT_PRODUCTS_DIR; };
		7053097F2C2709FD00C070B5 /* TamilBookImporterApp.swift */ = {isa = PBXFileReference; lastKnownFileType = sourcecode.swift; path = TamilBookImporterApp.swift; sourceTree = "<group>"; };
		705309812C2709FD00C070B5 /* ContentView.swift */ = {isa = PBXFileReference; lastKnownFileType = sourcecode.swift; path = ContentView.swift; sourceTree = "<group>"; };
		705309832C2709FF00C070B5 /* Assets.xcassets */ = {isa = PBXFileReference; lastKnownFileType = folder.assetcatalog; path = Assets.xcassets; sourceTree = "<group>"; };
		705309862C2709FF00C070B5 /* Preview Assets.xcassets */ = {isa = PBXFileReference; lastKnownFileType = folder.assetcatalog; path = "Preview Assets.xcassets"; sourceTree = "<group>"; };
		705309882C2709FF00C070B5 /* TamilBookImporter.entitlements */ = {isa = PBXFileReference; lastKnownFileType = text.plist.entitlements; path = TamilBookImporter.entitlements; sourceTree = "<group>"; };
		7053098F2C270A5C00C070B5 /* TamilLitDB.xcdatamodel */ = {isa = PBXFileReference; lastKnownFileType = wrapper.xcdatamodel; path = TamilLitDB.xcdatamodel; sourceTree = "<group>"; };
		705309912C273E8A00C070B5 /* ThirukuralImporter.swift */ = {isa = PBXFileReference; lastKnownFileType = sourcecode.swift; path = ThirukuralImporter.swift; sourceTree = "<group>"; };
		705309932C273F4E00C070B5 /* PersistenceController.swift */ = {isa = PBXFileReference; lastKnownFileType = sourcecode.swift; path = PersistenceController.swift; sourceTree = "<group>"; };
		706DF8072C31334C00D80CC1 /* SubCategory+CoreDataClass.swift */ = {isa = PBXFileReference; lastKnownFileType = sourcecode.swift; path = "SubCategory+CoreDataClass.swift"; sourceTree = "<group>"; };
		706DF8082C31334C00D80CC1 /* SubCategory+CoreDataProperties.swift */ = {isa = PBXFileReference; lastKnownFileType = sourcecode.swift; path = "SubCategory+CoreDataProperties.swift"; sourceTree = "<group>"; };
		706DF8092C31334C00D80CC1 /* MainCategory+CoreDataClass.swift */ = {isa = PBXFileReference; lastKnownFileType = sourcecode.swift; path = "MainCategory+CoreDataClass.swift"; sourceTree = "<group>"; };
		706DF80A2C31334C00D80CC1 /* MainCategory+CoreDataProperties.swift */ = {isa = PBXFileReference; lastKnownFileType = sourcecode.swift; path = "MainCategory+CoreDataProperties.swift"; sourceTree = "<group>"; };
		706DF80B2C31334C00D80CC1 /* Section+CoreDataClass.swift */ = {isa = PBXFileReference; lastKnownFileType = sourcecode.swift; path = "Section+CoreDataClass.swift"; sourceTree = "<group>"; };
		706DF80C2C31334C00D80CC1 /* Section+CoreDataProperties.swift */ = {isa = PBXFileReference; lastKnownFileType = sourcecode.swift; path = "Section+CoreDataProperties.swift"; sourceTree = "<group>"; };
		706DF81E2C31378800D80CC1 /* CoreDataManager.swift */ = {isa = PBXFileReference; lastKnownFileType = sourcecode.swift; path = CoreDataManager.swift; sourceTree = "<group>"; };
		7075B5602C363FD600104967 /* athichudi-category.json */ = {isa = PBXFileReference; fileEncoding = 4; lastKnownFileType = text.json; path = "athichudi-category.json"; sourceTree = "<group>"; };
		7075B5612C363FD600104967 /* athichudi.json */ = {isa = PBXFileReference; fileEncoding = 4; lastKnownFileType = text.json; path = athichudi.json; sourceTree = "<group>"; };
		7075B5642C36619E00104967 /* Explanation+CoreDataClass.swift */ = {isa = PBXFileReference; lastKnownFileType = sourcecode.swift; path = "Explanation+CoreDataClass.swift"; sourceTree = "<group>"; };
		7075B5652C36619E00104967 /* Explanation+CoreDataProperties.swift */ = {isa = PBXFileReference; lastKnownFileType = sourcecode.swift; path = "Explanation+CoreDataProperties.swift"; sourceTree = "<group>"; };
		7075B5682C36757300104967 /* HomeView.swift */ = {isa = PBXFileReference; lastKnownFileType = sourcecode.swift; path = HomeView.swift; sourceTree = "<group>"; };
		7075B56A2C36C27200104967 /* Poem+CoreDataClass.swift */ = {isa = PBXFileReference; lastKnownFileType = sourcecode.swift; path = "Poem+CoreDataClass.swift"; sourceTree = "<group>"; };
		7075B56B2C36C27200104967 /* Poem+CoreDataProperties.swift */ = {isa = PBXFileReference; lastKnownFileType = sourcecode.swift; path = "Poem+CoreDataProperties.swift"; sourceTree = "<group>"; };
		7076CD092C35127800816F28 /* Book+CoreDataClass.swift */ = {isa = PBXFileReference; lastKnownFileType = sourcecode.swift; path = "Book+CoreDataClass.swift"; sourceTree = "<group>"; };
		7076CD0A2C35127800816F28 /* Book+CoreDataProperties.swift */ = {isa = PBXFileReference; lastKnownFileType = sourcecode.swift; path = "Book+CoreDataProperties.swift"; sourceTree = "<group>"; };
		7076CD0E2C3513EB00816F28 /* AthichudiImporter.swift */ = {isa = PBXFileReference; lastKnownFileType = sourcecode.swift; path = AthichudiImporter.swift; sourceTree = "<group>"; };
		7076CD102C35170300816F28 /* BookImporter.swift */ = {isa = PBXFileReference; lastKnownFileType = sourcecode.swift; path = BookImporter.swift; sourceTree = "<group>"; };
		708CBB892C291C450037BB58 /* thirukural.json */ = {isa = PBXFileReference; fileEncoding = 4; lastKnownFileType = text.json; path = thirukural.json; sourceTree = "<group>"; };
		70AC819A2C38E613004BFA97 /* iniyavai-narpathu.json */ = {isa = PBXFileReference; fileEncoding = 4; lastKnownFileType = text.json; path = "iniyavai-narpathu.json"; sourceTree = "<group>"; };
		70AC819B2C38E613004BFA97 /* aacharakkovai.json */ = {isa = PBXFileReference; fileEncoding = 4; lastKnownFileType = text.json; path = aacharakkovai.json; sourceTree = "<group>"; };
		70AC819C2C38E613004BFA97 /* inna-narpathu.json */ = {isa = PBXFileReference; fileEncoding = 4; lastKnownFileType = text.json; path = "inna-narpathu.json"; sourceTree = "<group>"; };
		70AC819D2C38E613004BFA97 /* thirikadukam.json */ = {isa = PBXFileReference; fileEncoding = 4; lastKnownFileType = text.json; path = thirikadukam.json; sourceTree = "<group>"; };
		70AC819E2C38E613004BFA97 /* nanmanikadikai.json */ = {isa = PBXFileReference; fileEncoding = 4; lastKnownFileType = text.json; path = nanmanikadikai.json; sourceTree = "<group>"; };
		70AC819F2C38E613004BFA97 /* naaladiyar-category.json */ = {isa = PBXFileReference; fileEncoding = 4; lastKnownFileType = text.json; path = "naaladiyar-category.json"; sourceTree = "<group>"; };
		70AC81A02C38E613004BFA97 /* naaladiyar.json */ = {isa = PBXFileReference; fileEncoding = 4; lastKnownFileType = text.json; path = naaladiyar.json; sourceTree = "<group>"; };
		70AC81A82C38E64C004BFA97 /* iniyavai-narpathu-category.json */ = {isa = PBXFileReference; fileEncoding = 4; lastKnownFileType = text.json; path = "iniyavai-narpathu-category.json"; sourceTree = "<group>"; };
		70AC81AA2C38EB78004BFA97 /* IniyavaiNarpathuImporter.swift */ = {isa = PBXFileReference; lastKnownFileType = sourcecode.swift; path = IniyavaiNarpathuImporter.swift; sourceTree = "<group>"; };
		70AC81AC2C38F6B9004BFA97 /* inna-narpathu-category.json */ = {isa = PBXFileReference; fileEncoding = 4; lastKnownFileType = text.json; path = "inna-narpathu-category.json"; sourceTree = "<group>"; };
		70AC81AE2C38F866004BFA97 /* InnaNarpathuImporter.swift */ = {isa = PBXFileReference; lastKnownFileType = sourcecode.swift; path = InnaNarpathuImporter.swift; sourceTree = "<group>"; };
		70FE02A52C2850CC00E75842 /* thirukural-category.json */ = {isa = PBXFileReference; fileEncoding = 4; lastKnownFileType = text.json; path = "thirukural-category.json"; sourceTree = "<group>"; };
/* End PBXFileReference section */

/* Begin PBXFrameworksBuildPhase section */
		705309792C2709FD00C070B5 /* Frameworks */ = {
			isa = PBXFrameworksBuildPhase;
			buildActionMask = 2147483647;
			files = (
			);
			runOnlyForDeploymentPostprocessing = 0;
		};
/* End PBXFrameworksBuildPhase section */

/* Begin PBXGroup section */
		705309732C2709FD00C070B5 = {
			isa = PBXGroup;
			children = (
				7053097E2C2709FD00C070B5 /* TamilBookImporter */,
				7053097D2C2709FD00C070B5 /* Products */,
			);
			sourceTree = "<group>";
		};
		7053097D2C2709FD00C070B5 /* Products */ = {
			isa = PBXGroup;
			children = (
				7053097C2C2709FD00C070B5 /* TamilBookImporter.app */,
			);
			name = Products;
			sourceTree = "<group>";
		};
		7053097E2C2709FD00C070B5 /* TamilBookImporter */ = {
			isa = PBXGroup;
			children = (
				7076CD0D2C35139B00816F28 /* Services */,
				706DF81D2C31376800D80CC1 /* ViewModels */,
				7053099C2C27409D00C070B5 /* Models */,
				705309952C273F7500C070B5 /* Resources */,
				7053097F2C2709FD00C070B5 /* TamilBookImporterApp.swift */,
				7075B5682C36757300104967 /* HomeView.swift */,
				705309812C2709FD00C070B5 /* ContentView.swift */,
				705309832C2709FF00C070B5 /* Assets.xcassets */,
				705309882C2709FF00C070B5 /* TamilBookImporter.entitlements */,
				705309852C2709FF00C070B5 /* Preview Content */,
			);
			path = TamilBookImporter;
			sourceTree = "<group>";
		};
		705309852C2709FF00C070B5 /* Preview Content */ = {
			isa = PBXGroup;
			children = (
				705309862C2709FF00C070B5 /* Preview Assets.xcassets */,
			);
			path = "Preview Content";
			sourceTree = "<group>";
		};
		705309952C273F7500C070B5 /* Resources */ = {
			isa = PBXGroup;
			children = (
				70FE02A52C2850CC00E75842 /* thirukural-category.json */,
				708CBB892C291C450037BB58 /* thirukural.json */,
				7075B5602C363FD600104967 /* athichudi-category.json */,
				7075B5612C363FD600104967 /* athichudi.json */,
				70AC81A82C38E64C004BFA97 /* iniyavai-narpathu-category.json */,
				70AC819A2C38E613004BFA97 /* iniyavai-narpathu.json */,
				70AC81AC2C38F6B9004BFA97 /* inna-narpathu-category.json */,
				70AC819C2C38E613004BFA97 /* inna-narpathu.json */,
				70AC819B2C38E613004BFA97 /* aacharakkovai.json */,
				70AC819F2C38E613004BFA97 /* naaladiyar-category.json */,
				70AC81A02C38E613004BFA97 /* naaladiyar.json */,
				70AC819E2C38E613004BFA97 /* nanmanikadikai.json */,
				70AC819D2C38E613004BFA97 /* thirikadukam.json */,
			);
			path = Resources;
			sourceTree = "<group>";
		};
		7053099C2C27409D00C070B5 /* Models */ = {
			isa = PBXGroup;
			children = (
				7076CD092C35127800816F28 /* Book+CoreDataClass.swift */,
				7076CD0A2C35127800816F28 /* Book+CoreDataProperties.swift */,
				706DF8072C31334C00D80CC1 /* SubCategory+CoreDataClass.swift */,
				706DF8082C31334C00D80CC1 /* SubCategory+CoreDataProperties.swift */,
				706DF8092C31334C00D80CC1 /* MainCategory+CoreDataClass.swift */,
				706DF80A2C31334C00D80CC1 /* MainCategory+CoreDataProperties.swift */,
				706DF80B2C31334C00D80CC1 /* Section+CoreDataClass.swift */,
				706DF80C2C31334C00D80CC1 /* Section+CoreDataProperties.swift */,
				7075B56A2C36C27200104967 /* Poem+CoreDataClass.swift */,
				7075B56B2C36C27200104967 /* Poem+CoreDataProperties.swift */,
				7075B5642C36619E00104967 /* Explanation+CoreDataClass.swift */,
				7075B5652C36619E00104967 /* Explanation+CoreDataProperties.swift */,
				7053098E2C270A5C00C070B5 /* TamilLitDB.xcdatamodeld */,
			);
			path = Models;
			sourceTree = "<group>";
		};
		706DF81D2C31376800D80CC1 /* ViewModels */ = {
			isa = PBXGroup;
			children = (
				705309932C273F4E00C070B5 /* PersistenceController.swift */,
				706DF81E2C31378800D80CC1 /* CoreDataManager.swift */,
			);
			path = ViewModels;
			sourceTree = "<group>";
		};
		7076CD0D2C35139B00816F28 /* Services */ = {
			isa = PBXGroup;
			children = (
				7076CD102C35170300816F28 /* BookImporter.swift */,
				705309912C273E8A00C070B5 /* ThirukuralImporter.swift */,
				7076CD0E2C3513EB00816F28 /* AthichudiImporter.swift */,
				70AC81AA2C38EB78004BFA97 /* IniyavaiNarpathuImporter.swift */,
				70AC81AE2C38F866004BFA97 /* InnaNarpathuImporter.swift */,
			);
			path = Services;
			sourceTree = "<group>";
		};
/* End PBXGroup section */

/* Begin PBXNativeTarget section */
		7053097B2C2709FD00C070B5 /* TamilBookImporter */ = {
			isa = PBXNativeTarget;
			buildConfigurationList = 7053098B2C2709FF00C070B5 /* Build configuration list for PBXNativeTarget "TamilBookImporter" */;
			buildPhases = (
				705309782C2709FD00C070B5 /* Sources */,
				705309792C2709FD00C070B5 /* Frameworks */,
				7053097A2C2709FD00C070B5 /* Resources */,
			);
			buildRules = (
			);
			dependencies = (
			);
			name = TamilBookImporter;
			productName = TamilBookImporter;
			productReference = 7053097C2C2709FD00C070B5 /* TamilBookImporter.app */;
			productType = "com.apple.product-type.application";
		};
/* End PBXNativeTarget section */

/* Begin PBXProject section */
		705309742C2709FD00C070B5 /* Project object */ = {
			isa = PBXProject;
			attributes = {
				BuildIndependentTargetsInParallel = 1;
				LastSwiftUpdateCheck = 1540;
				LastUpgradeCheck = 1540;
				TargetAttributes = {
					7053097B2C2709FD00C070B5 = {
						CreatedOnToolsVersion = 15.4;
					};
				};
			};
			buildConfigurationList = 705309772C2709FD00C070B5 /* Build configuration list for PBXProject "TamilBookImporter" */;
			compatibilityVersion = "Xcode 14.0";
			developmentRegion = en;
			hasScannedForEncodings = 0;
			knownRegions = (
				en,
				Base,
			);
			mainGroup = 705309732C2709FD00C070B5;
			productRefGroup = 7053097D2C2709FD00C070B5 /* Products */;
			projectDirPath = "";
			projectRoot = "";
			targets = (
				7053097B2C2709FD00C070B5 /* TamilBookImporter */,
			);
		};
/* End PBXProject section */

/* Begin PBXResourcesBuildPhase section */
		7053097A2C2709FD00C070B5 /* Resources */ = {
			isa = PBXResourcesBuildPhase;
			buildActionMask = 2147483647;
			files = (
				70AC81A22C38E613004BFA97 /* aacharakkovai.json in Resources */,
				708CBB8A2C291C450037BB58 /* thirukural.json in Resources */,
				70FE02A62C2850CC00E75842 /* thirukural-category.json in Resources */,
				70AC81AD2C38F6B9004BFA97 /* inna-narpathu-category.json in Resources */,
				70AC81A12C38E613004BFA97 /* iniyavai-narpathu.json in Resources */,
				70AC81A32C38E613004BFA97 /* inna-narpathu.json in Resources */,
				705309872C2709FF00C070B5 /* Preview Assets.xcassets in Resources */,
				705309842C2709FF00C070B5 /* Assets.xcassets in Resources */,
				7075B5622C363FD600104967 /* athichudi-category.json in Resources */,
				70AC81A92C38E64C004BFA97 /* iniyavai-narpathu-category.json in Resources */,
				70AC81A72C38E613004BFA97 /* naaladiyar.json in Resources */,
				7075B5632C363FD600104967 /* athichudi.json in Resources */,
				70AC81A62C38E613004BFA97 /* naaladiyar-category.json in Resources */,
				70AC81A52C38E613004BFA97 /* nanmanikadikai.json in Resources */,
				70AC81A42C38E613004BFA97 /* thirikadukam.json in Resources */,
			);
			runOnlyForDeploymentPostprocessing = 0;
		};
/* End PBXResourcesBuildPhase section */

/* Begin PBXSourcesBuildPhase section */
		705309782C2709FD00C070B5 /* Sources */ = {
			isa = PBXSourcesBuildPhase;
			buildActionMask = 2147483647;
			files = (
				705309902C270A5C00C070B5 /* TamilLitDB.xcdatamodeld in Sources */,
				7075B5662C36619E00104967 /* Explanation+CoreDataClass.swift in Sources */,
				7075B5672C36619E00104967 /* Explanation+CoreDataProperties.swift in Sources */,
				7076CD0F2C3513EB00816F28 /* AthichudiImporter.swift in Sources */,
				7076CD112C35170300816F28 /* BookImporter.swift in Sources */,
				705309822C2709FD00C070B5 /* ContentView.swift in Sources */,
				70AC81AF2C38F866004BFA97 /* InnaNarpathuImporter.swift in Sources */,
				70AC81AB2C38EB78004BFA97 /* IniyavaiNarpathuImporter.swift in Sources */,
				705309802C2709FD00C070B5 /* TamilBookImporterApp.swift in Sources */,
				7076CD0B2C35127800816F28 /* Book+CoreDataClass.swift in Sources */,
				7076CD0C2C35127800816F28 /* Book+CoreDataProperties.swift in Sources */,
				706DF8132C31334C00D80CC1 /* SubCategory+CoreDataClass.swift in Sources */,
				706DF81F2C31378800D80CC1 /* CoreDataManager.swift in Sources */,
				706DF8142C31334C00D80CC1 /* SubCategory+CoreDataProperties.swift in Sources */,
				706DF8152C31334C00D80CC1 /* MainCategory+CoreDataClass.swift in Sources */,
				706DF8162C31334C00D80CC1 /* MainCategory+CoreDataProperties.swift in Sources */,
				706DF8172C31334C00D80CC1 /* Section+CoreDataClass.swift in Sources */,
				7075B5692C36757300104967 /* HomeView.swift in Sources */,
				7075B56C2C36C27200104967 /* Poem+CoreDataClass.swift in Sources */,
				7075B56D2C36C27200104967 /* Poem+CoreDataProperties.swift in Sources */,
				706DF8182C31334C00D80CC1 /* Section+CoreDataProperties.swift in Sources */,
				705309922C273E8A00C070B5 /* ThirukuralImporter.swift in Sources */,
				705309942C273F4E00C070B5 /* PersistenceController.swift in Sources */,
			);
			runOnlyForDeploymentPostprocessing = 0;
		};
/* End PBXSourcesBuildPhase section */

/* Begin XCBuildConfiguration section */
		705309892C2709FF00C070B5 /* Debug */ = {
			isa = XCBuildConfiguration;
			buildSettings = {
				ALWAYS_SEARCH_USER_PATHS = NO;
				ASSETCATALOG_COMPILER_GENERATE_SWIFT_ASSET_SYMBOL_EXTENSIONS = YES;
				CLANG_ANALYZER_NONNULL = YES;
				CLANG_ANALYZER_NUMBER_OBJECT_CONVERSION = YES_AGGRESSIVE;
				CLANG_CXX_LANGUAGE_STANDARD = "gnu++20";
				CLANG_ENABLE_MODULES = YES;
				CLANG_ENABLE_OBJC_ARC = YES;
				CLANG_ENABLE_OBJC_WEAK = YES;
				CLANG_WARN_BLOCK_CAPTURE_AUTORELEASING = YES;
				CLANG_WARN_BOOL_CONVERSION = YES;
				CLANG_WARN_COMMA = YES;
				CLANG_WARN_CONSTANT_CONVERSION = YES;
				CLANG_WARN_DEPRECATED_OBJC_IMPLEMENTATIONS = YES;
				CLANG_WARN_DIRECT_OBJC_ISA_USAGE = YES_ERROR;
				CLANG_WARN_DOCUMENTATION_COMMENTS = YES;
				CLANG_WARN_EMPTY_BODY = YES;
				CLANG_WARN_ENUM_CONVERSION = YES;
				CLANG_WARN_INFINITE_RECURSION = YES;
				CLANG_WARN_INT_CONVERSION = YES;
				CLANG_WARN_NON_LITERAL_NULL_CONVERSION = YES;
				CLANG_WARN_OBJC_IMPLICIT_RETAIN_SELF = YES;
				CLANG_WARN_OBJC_LITERAL_CONVERSION = YES;
				CLANG_WARN_OBJC_ROOT_CLASS = YES_ERROR;
				CLANG_WARN_QUOTED_INCLUDE_IN_FRAMEWORK_HEADER = YES;
				CLANG_WARN_RANGE_LOOP_ANALYSIS = YES;
				CLANG_WARN_STRICT_PROTOTYPES = YES;
				CLANG_WARN_SUSPICIOUS_MOVE = YES;
				CLANG_WARN_UNGUARDED_AVAILABILITY = YES_AGGRESSIVE;
				CLANG_WARN_UNREACHABLE_CODE = YES;
				CLANG_WARN__DUPLICATE_METHOD_MATCH = YES;
				COPY_PHASE_STRIP = NO;
				DEBUG_INFORMATION_FORMAT = dwarf;
				ENABLE_STRICT_OBJC_MSGSEND = YES;
				ENABLE_TESTABILITY = YES;
				ENABLE_USER_SCRIPT_SANDBOXING = YES;
				GCC_C_LANGUAGE_STANDARD = gnu17;
				GCC_DYNAMIC_NO_PIC = NO;
				GCC_NO_COMMON_BLOCKS = YES;
				GCC_OPTIMIZATION_LEVEL = 0;
				GCC_PREPROCESSOR_DEFINITIONS = (
					"DEBUG=1",
					"$(inherited)",
				);
				GCC_WARN_64_TO_32_BIT_CONVERSION = YES;
				GCC_WARN_ABOUT_RETURN_TYPE = YES_ERROR;
				GCC_WARN_UNDECLARED_SELECTOR = YES;
				GCC_WARN_UNINITIALIZED_AUTOS = YES_AGGRESSIVE;
				GCC_WARN_UNUSED_FUNCTION = YES;
				GCC_WARN_UNUSED_VARIABLE = YES;
				LOCALIZATION_PREFERS_STRING_CATALOGS = YES;
				MACOSX_DEPLOYMENT_TARGET = 14.0;
				MTL_ENABLE_DEBUG_INFO = INCLUDE_SOURCE;
				MTL_FAST_MATH = YES;
				ONLY_ACTIVE_ARCH = YES;
				SDKROOT = macosx;
				SWIFT_ACTIVE_COMPILATION_CONDITIONS = "DEBUG $(inherited)";
				SWIFT_OPTIMIZATION_LEVEL = "-Onone";
			};
			name = Debug;
		};
		7053098A2C2709FF00C070B5 /* Release */ = {
			isa = XCBuildConfiguration;
			buildSettings = {
				ALWAYS_SEARCH_USER_PATHS = NO;
				ASSETCATALOG_COMPILER_GENERATE_SWIFT_ASSET_SYMBOL_EXTENSIONS = YES;
				CLANG_ANALYZER_NONNULL = YES;
				CLANG_ANALYZER_NUMBER_OBJECT_CONVERSION = YES_AGGRESSIVE;
				CLANG_CXX_LANGUAGE_STANDARD = "gnu++20";
				CLANG_ENABLE_MODULES = YES;
				CLANG_ENABLE_OBJC_ARC = YES;
				CLANG_ENABLE_OBJC_WEAK = YES;
				CLANG_WARN_BLOCK_CAPTURE_AUTORELEASING = YES;
				CLANG_WARN_BOOL_CONVERSION = YES;
				CLANG_WARN_COMMA = YES;
				CLANG_WARN_CONSTANT_CONVERSION = YES;
				CLANG_WARN_DEPRECATED_OBJC_IMPLEMENTATIONS = YES;
				CLANG_WARN_DIRECT_OBJC_ISA_USAGE = YES_ERROR;
				CLANG_WARN_DOCUMENTATION_COMMENTS = YES;
				CLANG_WARN_EMPTY_BODY = YES;
				CLANG_WARN_ENUM_CONVERSION = YES;
				CLANG_WARN_INFINITE_RECURSION = YES;
				CLANG_WARN_INT_CONVERSION = YES;
				CLANG_WARN_NON_LITERAL_NULL_CONVERSION = YES;
				CLANG_WARN_OBJC_IMPLICIT_RETAIN_SELF = YES;
				CLANG_WARN_OBJC_LITERAL_CONVERSION = YES;
				CLANG_WARN_OBJC_ROOT_CLASS = YES_ERROR;
				CLANG_WARN_QUOTED_INCLUDE_IN_FRAMEWORK_HEADER = YES;
				CLANG_WARN_RANGE_LOOP_ANALYSIS = YES;
				CLANG_WARN_STRICT_PROTOTYPES = YES;
				CLANG_WARN_SUSPICIOUS_MOVE = YES;
				CLANG_WARN_UNGUARDED_AVAILABILITY = YES_AGGRESSIVE;
				CLANG_WARN_UNREACHABLE_CODE = YES;
				CLANG_WARN__DUPLICATE_METHOD_MATCH = YES;
				COPY_PHASE_STRIP = NO;
				DEBUG_INFORMATION_FORMAT = "dwarf-with-dsym";
				ENABLE_NS_ASSERTIONS = NO;
				ENABLE_STRICT_OBJC_MSGSEND = YES;
				ENABLE_USER_SCRIPT_SANDBOXING = YES;
				GCC_C_LANGUAGE_STANDARD = gnu17;
				GCC_NO_COMMON_BLOCKS = YES;
				GCC_WARN_64_TO_32_BIT_CONVERSION = YES;
				GCC_WARN_ABOUT_RETURN_TYPE = YES_ERROR;
				GCC_WARN_UNDECLARED_SELECTOR = YES;
				GCC_WARN_UNINITIALIZED_AUTOS = YES_AGGRESSIVE;
				GCC_WARN_UNUSED_FUNCTION = YES;
				GCC_WARN_UNUSED_VARIABLE = YES;
				LOCALIZATION_PREFERS_STRING_CATALOGS = YES;
				MACOSX_DEPLOYMENT_TARGET = 14.0;
				MTL_ENABLE_DEBUG_INFO = NO;
				MTL_FAST_MATH = YES;
				SDKROOT = macosx;
				SWIFT_COMPILATION_MODE = wholemodule;
			};
			name = Release;
		};
		7053098C2C2709FF00C070B5 /* Debug */ = {
			isa = XCBuildConfiguration;
			buildSettings = {
				ASSETCATALOG_COMPILER_APPICON_NAME = AppIcon;
				ASSETCATALOG_COMPILER_GLOBAL_ACCENT_COLOR_NAME = AccentColor;
				CODE_SIGN_ENTITLEMENTS = TamilBookImporter/TamilBookImporter.entitlements;
				CODE_SIGN_STYLE = Automatic;
				COMBINE_HIDPI_IMAGES = YES;
				CURRENT_PROJECT_VERSION = 1;
				DEVELOPMENT_ASSET_PATHS = "\"TamilBookImporter/Preview Content\"";
				DEVELOPMENT_TEAM = G6KL98HCPY;
				ENABLE_HARDENED_RUNTIME = YES;
				ENABLE_PREVIEWS = YES;
				GENERATE_INFOPLIST_FILE = YES;
				INFOPLIST_KEY_NSHumanReadableCopyright = "";
				LD_RUNPATH_SEARCH_PATHS = (
					"$(inherited)",
					"@executable_path/../Frameworks",
				);
				MARKETING_VERSION = 1.0;
				PRODUCT_BUNDLE_IDENTIFIER = in.selvarajan.TamilBookImporter;
				PRODUCT_NAME = "$(TARGET_NAME)";
				SWIFT_EMIT_LOC_STRINGS = YES;
				SWIFT_VERSION = 5.0;
			};
			name = Debug;
		};
		7053098D2C2709FF00C070B5 /* Release */ = {
			isa = XCBuildConfiguration;
			buildSettings = {
				ASSETCATALOG_COMPILER_APPICON_NAME = AppIcon;
				ASSETCATALOG_COMPILER_GLOBAL_ACCENT_COLOR_NAME = AccentColor;
				CODE_SIGN_ENTITLEMENTS = TamilBookImporter/TamilBookImporter.entitlements;
				CODE_SIGN_STYLE = Automatic;
				COMBINE_HIDPI_IMAGES = YES;
				CURRENT_PROJECT_VERSION = 1;
				DEVELOPMENT_ASSET_PATHS = "\"TamilBookImporter/Preview Content\"";
				DEVELOPMENT_TEAM = G6KL98HCPY;
				ENABLE_HARDENED_RUNTIME = YES;
				ENABLE_PREVIEWS = YES;
				GENERATE_INFOPLIST_FILE = YES;
				INFOPLIST_KEY_NSHumanReadableCopyright = "";
				LD_RUNPATH_SEARCH_PATHS = (
					"$(inherited)",
					"@executable_path/../Frameworks",
				);
				MARKETING_VERSION = 1.0;
				PRODUCT_BUNDLE_IDENTIFIER = in.selvarajan.TamilBookImporter;
				PRODUCT_NAME = "$(TARGET_NAME)";
				SWIFT_EMIT_LOC_STRINGS = YES;
				SWIFT_VERSION = 5.0;
			};
			name = Release;
		};
/* End XCBuildConfiguration section */

/* Begin XCConfigurationList section */
		705309772C2709FD00C070B5 /* Build configuration list for PBXProject "TamilBookImporter" */ = {
			isa = XCConfigurationList;
			buildConfigurations = (
				705309892C2709FF00C070B5 /* Debug */,
				7053098A2C2709FF00C070B5 /* Release */,
			);
			defaultConfigurationIsVisible = 0;
			defaultConfigurationName = Release;
		};
		7053098B2C2709FF00C070B5 /* Build configuration list for PBXNativeTarget "TamilBookImporter" */ = {
			isa = XCConfigurationList;
			buildConfigurations = (
				7053098C2C2709FF00C070B5 /* Debug */,
				7053098D2C2709FF00C070B5 /* Release */,
			);
			defaultConfigurationIsVisible = 0;
			defaultConfigurationName = Release;
		};
/* End XCConfigurationList section */

/* Begin XCVersionGroup section */
		7053098E2C270A5C00C070B5 /* TamilLitDB.xcdatamodeld */ = {
			isa = XCVersionGroup;
			children = (
				7053098F2C270A5C00C070B5 /* TamilLitDB.xcdatamodel */,
			);
			currentVersion = 7053098F2C270A5C00C070B5 /* TamilLitDB.xcdatamodel */;
			path = TamilLitDB.xcdatamodeld;
			sourceTree = "<group>";
			versionGroupType = wrapper.xcdatamodel;
		};
/* End XCVersionGroup section */
	};
	rootObject = 705309742C2709FD00C070B5 /* Project object */;
}
